
Microsoft Visual Studio Solution File, Format Version 12.00
# Visual Studio Version 17
VisualStudioVersion = 17.7.34031.279
MinimumVisualStudioVersion = 10.0.40219.1
Project("{FAE04EC0-301F-11D3-BF4B-00C04F79EFBC}") = "Part1", "Part1\Part1.csproj", "{51A94A00-9A05-44C6-83D3-FD34FAF0C06E}"
EndProject
Global
	GlobalSection(SolutionConfigurationPlatforms) = preSolution
		Debug|Any CPU = Debug|Any CPU
		Release|Any CPU = Release|Any CPU
	EndGlobalSection
	GlobalSection(ProjectConfigurationPlatforms) = postSolution
		{51A94A00-9A05-44C6-83D3-FD34FAF0C06E}.Debug|Any CPU.ActiveCfg = Debug|Any CPU
		{51A94A00-9A05-44C6-83D3-FD34FAF0C06E}.Debug|Any CPU.Build.0 = Debug|Any CPU
		{51A94A00-9A05-44C6-83D3-FD34FAF0C06E}.Release|Any CPU.ActiveCfg = Release|Any CPU
		{51A94A00-9A05-44C6-83D3-FD34FAF0C06E}.Release|Any CPU.Build.0 = Release|Any CPU
	EndGlobalSection
	GlobalSection(SolutionProperties) = preSolution
		HideSolutionNode = FALSE
	EndGlobalSection
	GlobalSection(ExtensibilityGlobals) = postSolution
		SolutionGuid = {D24B7723-490D-44BB-92D8-07D1044D9998}
	EndGlobalSection
EndGlobal
